lockfileVersion: '9.0'

settings:
  autoInstallPeers: true
  excludeLinksFromLockfile: false

importers:

  .:
    dependencies:
      opentype.js:
        specifier: ^2.0.0
        version: 2.0.0

packages:

  opentype.js@2.0.0:
    resolution: {integrity: sha512-kCyjv6xdDY1W/jLWZ/L3QhhTlKUqDZMQ5+Jdlw12b3dXkKNpYBqqlMMj0YDQPShWFTMwgZI1hG14kN3XUDSg/A==}
    hasBin: true

snapshots:

  opentype.js@2.0.0: {}
